// !$*UTF8*$!
{
	archiveVersion = 1;
	classes = {
	};
	objectVersion = 55;
	objects = {

/* Begin PBXBuildFile section */
		843ACD032A65F757001B4D8F /* Cars_AppApp.swift in Sources */ = {isa = PBXBuildFile; fileRef = 843ACD022A65F757001B4D8F /* Cars_AppApp.swift */; };
		843ACD052A65F757001B4D8F /* OnboardingView.swift in Sources */ = {isa = PBXBuildFile; fileRef = 843ACD042A65F757001B4D8F /* OnboardingView.swift */; };
		843ACD072A65F759001B4D8F /* Assets.xcassets in Resources */ = {isa = PBXBuildFile; fileRef = 843ACD062A65F759001B4D8F /* Assets.xcassets */; };
		843ACD0A2A65F759001B4D8F /* Preview Assets.xcassets in Resources */ = {isa = PBXBuildFile; fileRef = 843ACD092A65F759001B4D8F /* Preview Assets.xcassets */; };
		843ACD112A65F874001B4D8F /* Car.swift in Sources */ = {isa = PBXBuildFile; fileRef = 843ACD102A65F874001B4D8F /* Car.swift */; };
		843ACD132A65F9FE001B4D8F /* CarsData.swift in Sources */ = {isa = PBXBuildFile; fileRef = 843ACD122A65F9FE001B4D8F /* CarsData.swift */; };
		843ACD192A65FB46001B4D8F /* CardView.swift in Sources */ = {isa = PBXBuildFile; fileRef = 843ACD182A65FB46001B4D8F /* CardView.swift */; };
		843ACD1B2A66126A001B4D8F /* CellView.swift in Sources */ = {isa = PBXBuildFile; fileRef = 843ACD1A2A661269001B4D8F /* CellView.swift */; };
		843ACD1D2A6614D2001B4D8F /* ListView.swift in Sources */ = {isa = PBXBuildFile; fileRef = 843ACD1C2A6614D2001B4D8F /* ListView.swift */; };
		843ACD1F2A661AC0001B4D8F /* DetailedView.swift in Sources */ = {isa = PBXBuildFile; fileRef = 843ACD1E2A661AC0001B4D8F /* DetailedView.swift */; };
		843ACD212A661F9C001B4D8F /* DetailsHeaderView.swift in Sources */ = {isa = PBXBuildFile; fileRef = 843ACD202A661F9C001B4D8F /* DetailsHeaderView.swift */; };
		843D1E4D2A67384F0010B7DF /* ModelsView.swift in Sources */ = {isa = PBXBuildFile; fileRef = 843D1E4C2A67384F0010B7DF /* ModelsView.swift */; };
		843D1E4F2A67662B0010B7DF /* SettingView.swift in Sources */ = {isa = PBXBuildFile; fileRef = 843D1E4E2A67662B0010B7DF /* SettingView.swift */; };
/* End PBXBuildFile section */

/* Begin PBXFileReference section */
		843ACCFF2A65F757001B4D8F /* Cars App.app */ = {isa = PBXFileReference; explicitFileType = wrapper.application; includeInIndex = 0; path = "Cars App.app"; sourceTree = BUILT_PRODUCTS_DIR; };
		843ACD022A65F757001B4D8F /* Cars_AppApp.swift */ = {isa = PBXFileReference; lastKnownFileType = sourcecode.swift; path = Cars_AppApp.swift; sourceTree = "<group>"; };
		843ACD042A65F757001B4D8F /* OnboardingView.swift */ = {isa = PBXFileReference; lastKnownFileType = sourcecode.swift; path = OnboardingView.swift; sourceTree = "<group>"; };
		843ACD062A65F759001B4D8F /* Assets.xcassets */ = {isa = PBXFileReference; lastKnownFileType = folder.assetcatalog; path = Assets.xcassets; sourceTree = "<group>"; };
		843ACD092A65F759001B4D8F /* Preview Assets.xcassets */ = {isa = PBXFileReference; lastKnownFileType = folder.assetcatalog; path = "Preview Assets.xcassets"; sourceTree = "<group>"; };
		843ACD102A65F874001B4D8F /* Car.swift */ = {isa = PBXFileReference; lastKnownFileType = sourcecode.swift; path = Car.swift; sourceTree = "<group>"; };
		843ACD122A65F9FE001B4D8F /* CarsData.swift */ = {isa = PBXFileReference; lastKnownFileType = sourcecode.swift; path = CarsData.swift; sourceTree = "<group>"; };
		843ACD182A65FB46001B4D8F /* CardView.swift */ = {isa = PBXFileReference; lastKnownFileType = sourcecode.swift; path = CardView.swift; sourceTree = "<group>"; };
		843ACD1A2A661269001B4D8F /* CellView.swift */ = {isa = PBXFileReference; lastKnownFileType = sourcecode.swift; path = CellView.swift; sourceTree = "<group>"; };
		843ACD1C2A6614D2001B4D8F /* ListView.swift */ = {isa = PBXFileReference; lastKnownFileType = sourcecode.swift; path = ListView.swift; sourceTree = "<group>"; };
		843ACD1E2A661AC0001B4D8F /* DetailedView.swift */ = {isa = PBXFileReference; lastKnownFileType = sourcecode.swift; path = DetailedView.swift; sourceTree = "<group>"; };
		843ACD202A661F9C001B4D8F /* DetailsHeaderView.swift */ = {isa = PBXFileReference; lastKnownFileType = sourcecode.swift; path = DetailsHeaderView.swift; sourceTree = "<group>"; };
		843D1E4C2A67384F0010B7DF /* ModelsView.swift */ = {isa = PBXFileReference; lastKnownFileType = sourcecode.swift; path = ModelsView.swift; sourceTree = "<group>"; };
		843D1E4E2A67662B0010B7DF /* SettingView.swift */ = {isa = PBXFileReference; lastKnownFileType = sourcecode.swift; path = SettingView.swift; sourceTree = "<group>"; };
/* End PBXFileReference section */

/* Begin PBXFrameworksBuildPhase section */
		843ACCFC2A65F756001B4D8F /* Frameworks */ = {
			isa = PBXFrameworksBuildPhase;
			buildActionMask = 2147483647;
			files = (
			);
			runOnlyForDeploymentPostprocessing = 0;
		};
/* End PBXFrameworksBuildPhase section */

/* Begin PBXGroup section */
		843ACCF62A65F756001B4D8F = {
			isa = PBXGroup;
			children = (
				843ACD012A65F757001B4D8F /* Cars App */,
				843ACD002A65F757001B4D8F /* Products */,
			);
			sourceTree = "<group>";
		};
		843ACD002A65F757001B4D8F /* Products */ = {
			isa = PBXGroup;
			children = (
				843ACCFF2A65F757001B4D8F /* Cars App.app */,
			);
			name = Products;
			sourceTree = "<group>";
		};
		843ACD012A65F757001B4D8F /* Cars App */ = {
			isa = PBXGroup;
			children = (
				843ACD172A65FAA0001B4D8F /* View */,
				843ACD162A65FA98001B4D8F /* Components */,
				843ACD152A65FA93001B4D8F /* Data */,
				843ACD142A65FA8D001B4D8F /* Model */,
				843ACD062A65F759001B4D8F /* Assets.xcassets */,
				843ACD082A65F759001B4D8F /* Preview Content */,
			);
			path = "Cars App";
			sourceTree = "<group>";
		};
		843ACD082A65F759001B4D8F /* Preview Content */ = {
			isa = PBXGroup;
			children = (
				843ACD092A65F759001B4D8F /* Preview Assets.xcassets */,
			);
			path = "Preview Content";
			sourceTree = "<group>";
		};
		843ACD142A65FA8D001B4D8F /* Model */ = {
			isa = PBXGroup;
			children = (
				843ACD102A65F874001B4D8F /* Car.swift */,
			);
			path = Model;
			sourceTree = "<group>";
		};
		843ACD152A65FA93001B4D8F /* Data */ = {
			isa = PBXGroup;
			children = (
				843ACD122A65F9FE001B4D8F /* CarsData.swift */,
			);
			path = Data;
			sourceTree = "<group>";
		};
		843ACD162A65FA98001B4D8F /* Components */ = {
			isa = PBXGroup;
			children = (
				843ACD182A65FB46001B4D8F /* CardView.swift */,
				843ACD1A2A661269001B4D8F /* CellView.swift */,
				843ACD202A661F9C001B4D8F /* DetailsHeaderView.swift */,
				843D1E4C2A67384F0010B7DF /* ModelsView.swift */,
			);
			path = Components;
			sourceTree = "<group>";
		};
		843ACD172A65FAA0001B4D8F /* View */ = {
			isa = PBXGroup;
			children = (
				843ACD022A65F757001B4D8F /* Cars_AppApp.swift */,
				843ACD042A65F757001B4D8F /* OnboardingView.swift */,
				843ACD1C2A6614D2001B4D8F /* ListView.swift */,
				843ACD1E2A661AC0001B4D8F /* DetailedView.swift */,
				843D1E4E2A67662B0010B7DF /* SettingView.swift */,
			);
			path = View;
			sourceTree = "<group>";
		};
/* End PBXGroup section */

/* Begin PBXNativeTarget section */
		843ACCFE2A65F756001B4D8F /* Cars App */ = {
			isa = PBXNativeTarget;
			buildConfigurationList = 843ACD0D2A65F759001B4D8F /* Build configuration list for PBXNativeTarget "Cars App" */;
			buildPhases = (
				843ACCFB2A65F756001B4D8F /* Sources */,
				843ACCFC2A65F756001B4D8F /* Frameworks */,
				843ACCFD2A65F756001B4D8F /* Resources */,
			);
			buildRules = (
			);
			dependencies = (
			);
			name = "Cars App";
			productName = "Cars App";
			productReference = 843ACCFF2A65F757001B4D8F /* Cars App.app */;
			productType = "com.apple.product-type.application";
		};
/* End PBXNativeTarget section */

/* Begin PBXProject section */
		843ACCF72A65F756001B4D8F /* Project object */ = {
			isa = PBXProject;
			attributes = {
				BuildIndependentTargetsInParallel = 1;
				LastSwiftUpdateCheck = 1320;
				LastUpgradeCheck = 1320;
				TargetAttributes = {
					843ACCFE2A65F756001B4D8F = {
						CreatedOnToolsVersion = 13.2.1;
					};
				};
			};
			buildConfigurationList = 843ACCFA2A65F756001B4D8F /* Build configuration list for PBXProject "Cars App" */;
			compatibilityVersion = "Xcode 13.0";
			developmentRegion = en;
			hasScannedForEncodings = 0;
			knownRegions = (
				en,
				Base,
			);
			mainGroup = 843ACCF62A65F756001B4D8F;
			productRefGroup = 843ACD002A65F757001B4D8F /* Products */;
			projectDirPath = "";
			projectRoot = "";
			targets = (
				843ACCFE2A65F756001B4D8F /* Cars App */,
			);
		};
/* End PBXProject section */

/* Begin PBXResourcesBuildPhase section */
		843ACCFD2A65F756001B4D8F /* Resources */ = {
			isa = PBXResourcesBuildPhase;
			buildActionMask = 2147483647;
			files = (
				843ACD0A2A65F759001B4D8F /* Preview Assets.xcassets in Resources */,
				843ACD072A65F759001B4D8F /* Assets.xcassets in Resources */,
			);
			runOnlyForDeploymentPostprocessing = 0;
		};
/* End PBXResourcesBuildPhase section */

/* Begin PBXSourcesBuildPhase section */
		843ACCFB2A65F756001B4D8F /* Sources */ = {
			isa = PBXSourcesBuildPhase;
			buildActionMask = 2147483647;
			files = (
				843ACD212A661F9C001B4D8F /* DetailsHeaderView.swift in Sources */,
				843ACD132A65F9FE001B4D8F /* CarsData.swift in Sources */,
				843ACD052A65F757001B4D8F /* OnboardingView.swift in Sources */,
				843ACD1B2A66126A001B4D8F /* CellView.swift in Sources */,
				843ACD1D2A6614D2001B4D8F /* ListView.swift in Sources */,
				843ACD1F2A661AC0001B4D8F /* DetailedView.swift in Sources */,
				843ACD032A65F757001B4D8F /* Cars_AppApp.swift in Sources */,
				843ACD112A65F874001B4D8F /* Car.swift in Sources */,
				843D1E4D2A67384F0010B7DF /* ModelsView.swift in Sources */,
				843ACD192A65FB46001B4D8F /* CardView.swift in Sources */,
				843D1E4F2A67662B0010B7DF /* SettingView.swift in Sources */,
			);
			runOnlyForDeploymentPostprocessing = 0;
		};
/* End PBXSourcesBuildPhase section */

/* Begin XCBuildConfiguration section */
		843ACD0B2A65F759001B4D8F /* Debug */ = {
			isa = XCBuildConfiguration;
			buildSettings = {
				ALWAYS_SEARCH_USER_PATHS = NO;
				CLANG_ANALYZER_NONNULL = YES;
				CLANG_ANALYZER_NUMBER_OBJECT_CONVERSION = YES_AGGRESSIVE;
				CLANG_CXX_LANGUAGE_STANDARD = "gnu++17";
				CLANG_CXX_LIBRARY = "libc++";
				CLANG_ENABLE_MODULES = YES;
				CLANG_ENABLE_OBJC_ARC = YES;
				CLANG_ENABLE_OBJC_WEAK = YES;
				CLANG_WARN_BLOCK_CAPTURE_AUTORELEASING = YES;
				CLANG_WARN_BOOL_CONVERSION = YES;
				CLANG_WARN_COMMA = YES;
				CLANG_WARN_CONSTANT_CONVERSION = YES;
				CLANG_WARN_DEPRECATED_OBJC_IMPLEMENTATIONS = YES;
				CLANG_WARN_DIRECT_OBJC_ISA_USAGE = YES_ERROR;
				CLANG_WARN_DOCUMENTATION_COMMENTS = YES;
				CLANG_WARN_EMPTY_BODY = YES;
				CLANG_WARN_ENUM_CONVERSION = YES;
				CLANG_WARN_INFINITE_RECURSION = YES;
				CLANG_WARN_INT_CONVERSION = YES;
				CLANG_WARN_NON_LITERAL_NULL_CONVERSION = YES;
				CLANG_WARN_OBJC_IMPLICIT_RETAIN_SELF = YES;
				CLANG_WARN_OBJC_LITERAL_CONVERSION = YES;
				CLANG_WARN_OBJC_ROOT_CLASS = YES_ERROR;
				CLANG_WARN_QUOTED_INCLUDE_IN_FRAMEWORK_HEADER = YES;
				CLANG_WARN_RANGE_LOOP_ANALYSIS = YES;
				CLANG_WARN_STRICT_PROTOTYPES = YES;
				CLANG_WARN_SUSPICIOUS_MOVE = YES;
				CLANG_WARN_UNGUARDED_AVAILABILITY = YES_AGGRESSIVE;
				CLANG_WARN_UNREACHABLE_CODE = YES;
				CLANG_WARN__DUPLICATE_METHOD_MATCH = YES;
				COPY_PHASE_STRIP = NO;
				DEBUG_INFORMATION_FORMAT = dwarf;
				ENABLE_STRICT_OBJC_MSGSEND = YES;
				ENABLE_TESTABILITY = YES;
				GCC_C_LANGUAGE_STANDARD = gnu11;
				GCC_DYNAMIC_NO_PIC = NO;
				GCC_NO_COMMON_BLOCKS = YES;
				GCC_OPTIMIZATION_LEVEL = 0;
				GCC_PREPROCESSOR_DEFINITIONS = (
					"DEBUG=1",
					"$(inherited)",
				);
				GCC_WARN_64_TO_32_BIT_CONVERSION = YES;
				GCC_WARN_ABOUT_RETURN_TYPE = YES_ERROR;
				GCC_WARN_UNDECLARED_SELECTOR = YES;
				GCC_WARN_UNINITIALIZED_AUTOS = YES_AGGRESSIVE;
				GCC_WARN_UNUSED_FUNCTION = YES;
				GCC_WARN_UNUSED_VARIABLE = YES;
				IPHONEOS_DEPLOYMENT_TARGET = 15.2;
				MTL_ENABLE_DEBUG_INFO = INCLUDE_SOURCE;
				MTL_FAST_MATH = YES;
				ONLY_ACTIVE_ARCH = YES;
				SDKROOT = iphoneos;
				SWIFT_ACTIVE_COMPILATION_CONDITIONS = DEBUG;
				SWIFT_OPTIMIZATION_LEVEL = "-Onone";
			};
			name = Debug;
		};
		843ACD0C2A65F759001B4D8F /* Release */ = {
			isa = XCBuildConfiguration;
			buildSettings = {
				ALWAYS_SEARCH_USER_PATHS = NO;
				CLANG_ANALYZER_NONNULL = YES;
				CLANG_ANALYZER_NUMBER_OBJECT_CONVERSION = YES_AGGRESSIVE;
				CLANG_CXX_LANGUAGE_STANDARD = "gnu++17";
				CLANG_CXX_LIBRARY = "libc++";
				CLANG_ENABLE_MODULES = YES;
				CLANG_ENABLE_OBJC_ARC = YES;
				CLANG_ENABLE_OBJC_WEAK = YES;
				CLANG_WARN_BLOCK_CAPTURE_AUTORELEASING = YES;
				CLANG_WARN_BOOL_CONVERSION = YES;
				CLANG_WARN_COMMA = YES;
				CLANG_WARN_CONSTANT_CONVERSION = YES;
				CLANG_WARN_DEPRECATED_OBJC_IMPLEMENTATIONS = YES;
				CLANG_WARN_DIRECT_OBJC_ISA_USAGE = YES_ERROR;
				CLANG_WARN_DOCUMENTATION_COMMENTS = YES;
				CLANG_WARN_EMPTY_BODY = YES;
				CLANG_WARN_ENUM_CONVERSION = YES;
				CLANG_WARN_INFINITE_RECURSION = YES;
				CLANG_WARN_INT_CONVERSION = YES;
				CLANG_WARN_NON_LITERAL_NULL_CONVERSION = YES;
				CLANG_WARN_OBJC_IMPLICIT_RETAIN_SELF = YES;
				CLANG_WARN_OBJC_LITERAL_CONVERSION = YES;
				CLANG_WARN_OBJC_ROOT_CLASS = YES_ERROR;
				CLANG_WARN_QUOTED_INCLUDE_IN_FRAMEWORK_HEADER = YES;
				CLANG_WARN_RANGE_LOOP_ANALYSIS = YES;
				CLANG_WARN_STRICT_PROTOTYPES = YES;
				CLANG_WARN_SUSPICIOUS_MOVE = YES;
				CLANG_WARN_UNGUARDED_AVAILABILITY = YES_AGGRESSIVE;
				CLANG_WARN_UNREACHABLE_CODE = YES;
				CLANG_WARN__DUPLICATE_METHOD_MATCH = YES;
				COPY_PHASE_STRIP = NO;
				DEBUG_INFORMATION_FORMAT = "dwarf-with-dsym";
				ENABLE_NS_ASSERTIONS = NO;
				ENABLE_STRICT_OBJC_MSGSEND = YES;
				GCC_C_LANGUAGE_STANDARD = gnu11;
				GCC_NO_COMMON_BLOCKS = YES;
				GCC_WARN_64_TO_32_BIT_CONVERSION = YES;
				GCC_WARN_ABOUT_RETURN_TYPE = YES_ERROR;
				GCC_WARN_UNDECLARED_SELECTOR = YES;
				GCC_WARN_UNINITIALIZED_AUTOS = YES_AGGRESSIVE;
				GCC_WARN_UNUSED_FUNCTION = YES;
				GCC_WARN_UNUSED_VARIABLE = YES;
				IPHONEOS_DEPLOYMENT_TARGET = 15.2;
				MTL_ENABLE_DEBUG_INFO = NO;
				MTL_FAST_MATH = YES;
				SDKROOT = iphoneos;
				SWIFT_COMPILATION_MODE = wholemodule;
				SWIFT_OPTIMIZATION_LEVEL = "-O";
				VALIDATE_PRODUCT = YES;
			};
			name = Release;
		};
		843ACD0E2A65F759001B4D8F /* Debug */ = {
			isa = XCBuildConfiguration;
			buildSettings = {
				ASSETCATALOG_COMPILER_APPICON_NAME = AppIcon;
				ASSETCATALOG_COMPILER_GLOBAL_ACCENT_COLOR_NAME = AccentColor;
				CODE_SIGN_STYLE = Automatic;
				CURRENT_PROJECT_VERSION = 1;
				DEVELOPMENT_ASSET_PATHS = "\"Cars App/Preview Content\"";
				ENABLE_PREVIEWS = YES;
				GENERATE_INFOPLIST_FILE = YES;
				INFOPLIST_KEY_UIApplicationSceneManifest_Generation = YES;
				INFOPLIST_KEY_UIApplicationSupportsIndirectInputEvents = YES;
				INFOPLIST_KEY_UILaunchScreen_Generation = YES;
				INFOPLIST_KEY_UISupportedInterfaceOrientations_iPad = "UIInterfaceOrientationPortrait UIInterfaceOrientationPortraitUpsideDown UIInterfaceOrientationLandscapeLeft UIInterfaceOrientationLandscapeRight";
				INFOPLIST_KEY_UISupportedInterfaceOrientations_iPhone = "UIInterfaceOrientationPortrait UIInterfaceOrientationLandscapeLeft UIInterfaceOrientationLandscapeRight";
				LD_RUNPATH_SEARCH_PATHS = (
					"$(inherited)",
					"@executable_path/Frameworks",
				);
				MARKETING_VERSION = 1.0;
				PRODUCT_BUNDLE_IDENTIFIER = "com.Elkomey.Cars-App";
				PRODUCT_NAME = "$(TARGET_NAME)";
				SWIFT_EMIT_LOC_STRINGS = YES;
				SWIFT_VERSION = 5.0;
				TARGETED_DEVICE_FAMILY = "1,2";
			};
			name = Debug;
		};
		843ACD0F2A65F759001B4D8F /* Release */ = {
			isa = XCBuildConfiguration;
			buildSettings = {
				ASSETCATALOG_COMPILER_APPICON_NAME = AppIcon;
				ASSETCATALOG_COMPILER_GLOBAL_ACCENT_COLOR_NAME = AccentColor;
				CODE_SIGN_STYLE = Automatic;
				CURRENT_PROJECT_VERSION = 1;
				DEVELOPMENT_ASSET_PATHS = "\"Cars App/Preview Content\"";
				ENABLE_PREVIEWS = YES;
				GENERATE_INFOPLIST_FILE = YES;
				INFOPLIST_KEY_UIApplicationSceneManifest_Generation = YES;
				INFOPLIST_KEY_UIApplicationSupportsIndirectInputEvents = YES;
				INFOPLIST_KEY_UILaunchScreen_Generation = YES;
				INFOPLIST_KEY_UISupportedInterfaceOrientations_iPad = "UIInterfaceOrientationPortrait UIInterfaceOrientationPortraitUpsideDown UIInterfaceOrientationLandscapeLeft UIInterfaceOrientationLandscapeRight";
				INFOPLIST_KEY_UISupportedInterfaceOrientations_iPhone = "UIInterfaceOrientationPortrait UIInterfaceOrientationLandscapeLeft UIInterfaceOrientationLandscapeRight";
				LD_RUNPATH_SEARCH_PATHS = (
					"$(inherited)",
					"@executable_path/Frameworks",
				);
				MARKETING_VERSION = 1.0;
				PRODUCT_BUNDLE_IDENTIFIER = "com.Elkomey.Cars-App";
				PRODUCT_NAME = "$(TARGET_NAME)";
				SWIFT_EMIT_LOC_STRINGS = YES;
				SWIFT_VERSION = 5.0;
				TARGETED_DEVICE_FAMILY = "1,2";
			};
			name = Release;
		};
/* End XCBuildConfiguration section */

/* Begin XCConfigurationList section */
		843ACCFA2A65F756001B4D8F /* Build configuration list for PBXProject "Cars App" */ = {
			isa = XCConfigurationList;
			buildConfigurations = (
				843ACD0B2A65F759001B4D8F /* Debug */,
				843ACD0C2A65F759001B4D8F /* Release */,
			);
			defaultConfigurationIsVisible = 0;
			defaultConfigurationName = Release;
		};
		843ACD0D2A65F759001B4D8F /* Build configuration list for PBXNativeTarget "Cars App" */ = {
			isa = XCConfigurationList;
			buildConfigurations = (
				843ACD0E2A65F759001B4D8F /* Debug */,
				843ACD0F2A65F759001B4D8F /* Release */,
			);
			defaultConfigurationIsVisible = 0;
			defaultConfigurationName = Release;
		};
/* End XCConfigurationList section */
	};
	rootObject = 843ACCF72A65F756001B4D8F /* Project object */;
}
