// !$*UTF8*$!
{
	archiveVersion = 1;
	classes = {
	};
	objectVersion = 55;
	objects = {

/* Begin PBXBuildFile section */
		843E2F292A64B00800FA90EA /* NatGeo_AppApp.swift in Sources */ = {isa = PBXBuildFile; fileRef = 843E2F282A64B00800FA90EA /* NatGeo_AppApp.swift */; };
		843E2F2B2A64B00800FA90EA /* ContentView.swift in Sources */ = {isa = PBXBuildFile; fileRef = 843E2F2A2A64B00800FA90EA /* ContentView.swift */; };
		843E2F2D2A64B00E00FA90EA /* Assets.xcassets in Resources */ = {isa = PBXBuildFile; fileRef = 843E2F2C2A64B00E00FA90EA /* Assets.xcassets */; };
		843E2F302A64B00E00FA90EA /* Preview Assets.xcassets in Resources */ = {isa = PBXBuildFile; fileRef = 843E2F2F2A64B00E00FA90EA /* Preview Assets.xcassets */; };
		843E2F3A2A64CC3400FA90EA /* DrawerView.swift in Sources */ = {isa = PBXBuildFile; fileRef = 843E2F392A64CC3400FA90EA /* DrawerView.swift */; };
		843E2F3D2A64CE9800FA90EA /* Cover.swift in Sources */ = {isa = PBXBuildFile; fileRef = 843E2F3C2A64CE9800FA90EA /* Cover.swift */; };
		843E2F402A64CEAD00FA90EA /* CoversData.swift in Sources */ = {isa = PBXBuildFile; fileRef = 843E2F3F2A64CEAD00FA90EA /* CoversData.swift */; };
/* End PBXBuildFile section */

/* Begin PBXFileReference section */
		843E2F252A64B00800FA90EA /* NatGeo App.app */ = {isa = PBXFileReference; explicitFileType = wrapper.application; includeInIndex = 0; path = "NatGeo App.app"; sourceTree = BUILT_PRODUCTS_DIR; };
		843E2F282A64B00800FA90EA /* NatGeo_AppApp.swift */ = {isa = PBXFileReference; lastKnownFileType = sourcecode.swift; path = NatGeo_AppApp.swift; sourceTree = "<group>"; };
		843E2F2A2A64B00800FA90EA /* ContentView.swift */ = {isa = PBXFileReference; lastKnownFileType = sourcecode.swift; path = ContentView.swift; sourceTree = "<group>"; };
		843E2F2C2A64B00E00FA90EA /* Assets.xcassets */ = {isa = PBXFileReference; lastKnownFileType = folder.assetcatalog; path = Assets.xcassets; sourceTree = "<group>"; };
		843E2F2F2A64B00E00FA90EA /* Preview Assets.xcassets */ = {isa = PBXFileReference; lastKnownFileType = folder.assetcatalog; path = "Preview Assets.xcassets"; sourceTree = "<group>"; };
		843E2F362A64B0F100FA90EA /* NatGeo-App-Info.plist */ = {isa = PBXFileReference; lastKnownFileType = text.plist; path = "NatGeo-App-Info.plist"; sourceTree = SOURCE_ROOT; };
		843E2F392A64CC3400FA90EA /* DrawerView.swift */ = {isa = PBXFileReference; lastKnownFileType = sourcecode.swift; path = DrawerView.swift; sourceTree = "<group>"; };
		843E2F3C2A64CE9800FA90EA /* Cover.swift */ = {isa = PBXFileReference; lastKnownFileType = sourcecode.swift; path = Cover.swift; sourceTree = "<group>"; };
		843E2F3F2A64CEAD00FA90EA /* CoversData.swift */ = {isa = PBXFileReference; lastKnownFileType = sourcecode.swift; path = CoversData.swift; sourceTree = "<group>"; };
/* End PBXFileReference section */

/* Begin PBXFrameworksBuildPhase section */
		843E2F222A64B00800FA90EA /* Frameworks */ = {
			isa = PBXFrameworksBuildPhase;
			buildActionMask = 2147483647;
			files = (
			);
			runOnlyForDeploymentPostprocessing = 0;
		};
/* End PBXFrameworksBuildPhase section */

/* Begin PBXGroup section */
		843E2F1C2A64B00800FA90EA = {
			isa = PBXGroup;
			children = (
				843E2F272A64B00800FA90EA /* NatGeo App */,
				843E2F262A64B00800FA90EA /* Products */,
			);
			sourceTree = "<group>";
		};
		843E2F262A64B00800FA90EA /* Products */ = {
			isa = PBXGroup;
			children = (
				843E2F252A64B00800FA90EA /* NatGeo App.app */,
			);
			name = Products;
			sourceTree = "<group>";
		};
		843E2F272A64B00800FA90EA /* NatGeo App */ = {
			isa = PBXGroup;
			children = (
				843E2F3E2A64CE9C00FA90EA /* Data */,
				843E2F3B2A64CE8400FA90EA /* Model */,
				843E2F382A64CC1700FA90EA /* Components */,
				843E2F372A64CC0D00FA90EA /* View */,
				843E2F362A64B0F100FA90EA /* NatGeo-App-Info.plist */,
				843E2F2C2A64B00E00FA90EA /* Assets.xcassets */,
				843E2F2E2A64B00E00FA90EA /* Preview Content */,
			);
			path = "NatGeo App";
			sourceTree = "<group>";
		};
		843E2F2E2A64B00E00FA90EA /* Preview Content */ = {
			isa = PBXGroup;
			children = (
				843E2F2F2A64B00E00FA90EA /* Preview Assets.xcassets */,
			);
			path = "Preview Content";
			sourceTree = "<group>";
		};
		843E2F372A64CC0D00FA90EA /* View */ = {
			isa = PBXGroup;
			children = (
				843E2F282A64B00800FA90EA /* NatGeo_AppApp.swift */,
				843E2F2A2A64B00800FA90EA /* ContentView.swift */,
			);
			path = View;
			sourceTree = "<group>";
		};
		843E2F382A64CC1700FA90EA /* Components */ = {
			isa = PBXGroup;
			children = (
				843E2F392A64CC3400FA90EA /* DrawerView.swift */,
			);
			path = Components;
			sourceTree = "<group>";
		};
		843E2F3B2A64CE8400FA90EA /* Model */ = {
			isa = PBXGroup;
			children = (
				843E2F3C2A64CE9800FA90EA /* Cover.swift */,
			);
			path = Model;
			sourceTree = "<group>";
		};
		843E2F3E2A64CE9C00FA90EA /* Data */ = {
			isa = PBXGroup;
			children = (
				843E2F3F2A64CEAD00FA90EA /* CoversData.swift */,
			);
			path = Data;
			sourceTree = "<group>";
		};
/* End PBXGroup section */

/* Begin PBXNativeTarget section */
		843E2F242A64B00800FA90EA /* NatGeo App */ = {
			isa = PBXNativeTarget;
			buildConfigurationList = 843E2F332A64B00E00FA90EA /* Build configuration list for PBXNativeTarget "NatGeo App" */;
			buildPhases = (
				843E2F212A64B00800FA90EA /* Sources */,
				843E2F222A64B00800FA90EA /* Frameworks */,
				843E2F232A64B00800FA90EA /* Resources */,
			);
			buildRules = (
			);
			dependencies = (
			);
			name = "NatGeo App";
			productName = "NatGeo App";
			productReference = 843E2F252A64B00800FA90EA /* NatGeo App.app */;
			productType = "com.apple.product-type.application";
		};
/* End PBXNativeTarget section */

/* Begin PBXProject section */
		843E2F1D2A64B00800FA90EA /* Project object */ = {
			isa = PBXProject;
			attributes = {
				BuildIndependentTargetsInParallel = 1;
				LastSwiftUpdateCheck = 1320;
				LastUpgradeCheck = 1320;
				TargetAttributes = {
					843E2F242A64B00800FA90EA = {
						CreatedOnToolsVersion = 13.2.1;
					};
				};
			};
			buildConfigurationList = 843E2F202A64B00800FA90EA /* Build configuration list for PBXProject "NatGeo App" */;
			compatibilityVersion = "Xcode 13.0";
			developmentRegion = en;
			hasScannedForEncodings = 0;
			knownRegions = (
				en,
				Base,
			);
			mainGroup = 843E2F1C2A64B00800FA90EA;
			productRefGroup = 843E2F262A64B00800FA90EA /* Products */;
			projectDirPath = "";
			projectRoot = "";
			targets = (
				843E2F242A64B00800FA90EA /* NatGeo App */,
			);
		};
/* End PBXProject section */

/* Begin PBXResourcesBuildPhase section */
		843E2F232A64B00800FA90EA /* Resources */ = {
			isa = PBXResourcesBuildPhase;
			buildActionMask = 2147483647;
			files = (
				843E2F302A64B00E00FA90EA /* Preview Assets.xcassets in Resources */,
				843E2F2D2A64B00E00FA90EA /* Assets.xcassets in Resources */,
			);
			runOnlyForDeploymentPostprocessing = 0;
		};
/* End PBXResourcesBuildPhase section */

/* Begin PBXSourcesBuildPhase section */
		843E2F212A64B00800FA90EA /* Sources */ = {
			isa = PBXSourcesBuildPhase;
			buildActionMask = 2147483647;
			files = (
				843E2F3A2A64CC3400FA90EA /* DrawerView.swift in Sources */,
				843E2F3D2A64CE9800FA90EA /* Cover.swift in Sources */,
				843E2F2B2A64B00800FA90EA /* ContentView.swift in Sources */,
				843E2F292A64B00800FA90EA /* NatGeo_AppApp.swift in Sources */,
				843E2F402A64CEAD00FA90EA /* CoversData.swift in Sources */,
			);
			runOnlyForDeploymentPostprocessing = 0;
		};
/* End PBXSourcesBuildPhase section */

/* Begin XCBuildConfiguration section */
		843E2F312A64B00E00FA90EA /* Debug */ = {
			isa = XCBuildConfiguration;
			buildSettings = {
				ALWAYS_SEARCH_USER_PATHS = NO;
				CLANG_ANALYZER_NONNULL = YES;
				CLANG_ANALYZER_NUMBER_OBJECT_CONVERSION = YES_AGGRESSIVE;
				CLANG_CXX_LANGUAGE_STANDARD = "gnu++17";
				CLANG_CXX_LIBRARY = "libc++";
				CLANG_ENABLE_MODULES = YES;
				CLANG_ENABLE_OBJC_ARC = YES;
				CLANG_ENABLE_OBJC_WEAK = YES;
				CLANG_WARN_BLOCK_CAPTURE_AUTORELEASING = YES;
				CLANG_WARN_BOOL_CONVERSION = YES;
				CLANG_WARN_COMMA = YES;
				CLANG_WARN_CONSTANT_CONVERSION = YES;
				CLANG_WARN_DEPRECATED_OBJC_IMPLEMENTATIONS = YES;
				CLANG_WARN_DIRECT_OBJC_ISA_USAGE = YES_ERROR;
				CLANG_WARN_DOCUMENTATION_COMMENTS = YES;
				CLANG_WARN_EMPTY_BODY = YES;
				CLANG_WARN_ENUM_CONVERSION = YES;
				CLANG_WARN_INFINITE_RECURSION = YES;
				CLANG_WARN_INT_CONVERSION = YES;
				CLANG_WARN_NON_LITERAL_NULL_CONVERSION = YES;
				CLANG_WARN_OBJC_IMPLICIT_RETAIN_SELF = YES;
				CLANG_WARN_OBJC_LITERAL_CONVERSION = YES;
				CLANG_WARN_OBJC_ROOT_CLASS = YES_ERROR;
				CLANG_WARN_QUOTED_INCLUDE_IN_FRAMEWORK_HEADER = YES;
				CLANG_WARN_RANGE_LOOP_ANALYSIS = YES;
				CLANG_WARN_STRICT_PROTOTYPES = YES;
				CLANG_WARN_SUSPICIOUS_MOVE = YES;
				CLANG_WARN_UNGUARDED_AVAILABILITY = YES_AGGRESSIVE;
				CLANG_WARN_UNREACHABLE_CODE = YES;
				CLANG_WARN__DUPLICATE_METHOD_MATCH = YES;
				COPY_PHASE_STRIP = NO;
				DEBUG_INFORMATION_FORMAT = dwarf;
				ENABLE_STRICT_OBJC_MSGSEND = YES;
				ENABLE_TESTABILITY = YES;
				GCC_C_LANGUAGE_STANDARD = gnu11;
				GCC_DYNAMIC_NO_PIC = NO;
				GCC_NO_COMMON_BLOCKS = YES;
				GCC_OPTIMIZATION_LEVEL = 0;
				GCC_PREPROCESSOR_DEFINITIONS = (
					"DEBUG=1",
					"$(inherited)",
				);
				GCC_WARN_64_TO_32_BIT_CONVERSION = YES;
				GCC_WARN_ABOUT_RETURN_TYPE = YES_ERROR;
				GCC_WARN_UNDECLARED_SELECTOR = YES;
				GCC_WARN_UNINITIALIZED_AUTOS = YES_AGGRESSIVE;
				GCC_WARN_UNUSED_FUNCTION = YES;
				GCC_WARN_UNUSED_VARIABLE = YES;
				IPHONEOS_DEPLOYMENT_TARGET = 15.2;
				MTL_ENABLE_DEBUG_INFO = INCLUDE_SOURCE;
				MTL_FAST_MATH = YES;
				ONLY_ACTIVE_ARCH = YES;
				SDKROOT = iphoneos;
				SWIFT_ACTIVE_COMPILATION_CONDITIONS = DEBUG;
				SWIFT_OPTIMIZATION_LEVEL = "-Onone";
			};
			name = Debug;
		};
		843E2F322A64B00E00FA90EA /* Release */ = {
			isa = XCBuildConfiguration;
			buildSettings = {
				ALWAYS_SEARCH_USER_PATHS = NO;
				CLANG_ANALYZER_NONNULL = YES;
				CLANG_ANALYZER_NUMBER_OBJECT_CONVERSION = YES_AGGRESSIVE;
				CLANG_CXX_LANGUAGE_STANDARD = "gnu++17";
				CLANG_CXX_LIBRARY = "libc++";
				CLANG_ENABLE_MODULES = YES;
				CLANG_ENABLE_OBJC_ARC = YES;
				CLANG_ENABLE_OBJC_WEAK = YES;
				CLANG_WARN_BLOCK_CAPTURE_AUTORELEASING = YES;
				CLANG_WARN_BOOL_CONVERSION = YES;
				CLANG_WARN_COMMA = YES;
				CLANG_WARN_CONSTANT_CONVERSION = YES;
				CLANG_WARN_DEPRECATED_OBJC_IMPLEMENTATIONS = YES;
				CLANG_WARN_DIRECT_OBJC_ISA_USAGE = YES_ERROR;
				CLANG_WARN_DOCUMENTATION_COMMENTS = YES;
				CLANG_WARN_EMPTY_BODY = YES;
				CLANG_WARN_ENUM_CONVERSION = YES;
				CLANG_WARN_INFINITE_RECURSION = YES;
				CLANG_WARN_INT_CONVERSION = YES;
				CLANG_WARN_NON_LITERAL_NULL_CONVERSION = YES;
				CLANG_WARN_OBJC_IMPLICIT_RETAIN_SELF = YES;
				CLANG_WARN_OBJC_LITERAL_CONVERSION = YES;
				CLANG_WARN_OBJC_ROOT_CLASS = YES_ERROR;
				CLANG_WARN_QUOTED_INCLUDE_IN_FRAMEWORK_HEADER = YES;
				CLANG_WARN_RANGE_LOOP_ANALYSIS = YES;
				CLANG_WARN_STRICT_PROTOTYPES = YES;
				CLANG_WARN_SUSPICIOUS_MOVE = YES;
				CLANG_WARN_UNGUARDED_AVAILABILITY = YES_AGGRESSIVE;
				CLANG_WARN_UNREACHABLE_CODE = YES;
				CLANG_WARN__DUPLICATE_METHOD_MATCH = YES;
				COPY_PHASE_STRIP = NO;
				DEBUG_INFORMATION_FORMAT = "dwarf-with-dsym";
				ENABLE_NS_ASSERTIONS = NO;
				ENABLE_STRICT_OBJC_MSGSEND = YES;
				GCC_C_LANGUAGE_STANDARD = gnu11;
				GCC_NO_COMMON_BLOCKS = YES;
				GCC_WARN_64_TO_32_BIT_CONVERSION = YES;
				GCC_WARN_ABOUT_RETURN_TYPE = YES_ERROR;
				GCC_WARN_UNDECLARED_SELECTOR = YES;
				GCC_WARN_UNINITIALIZED_AUTOS = YES_AGGRESSIVE;
				GCC_WARN_UNUSED_FUNCTION = YES;
				GCC_WARN_UNUSED_VARIABLE = YES;
				IPHONEOS_DEPLOYMENT_TARGET = 15.2;
				MTL_ENABLE_DEBUG_INFO = NO;
				MTL_FAST_MATH = YES;
				SDKROOT = iphoneos;
				SWIFT_COMPILATION_MODE = wholemodule;
				SWIFT_OPTIMIZATION_LEVEL = "-O";
				VALIDATE_PRODUCT = YES;
			};
			name = Release;
		};
		843E2F342A64B00E00FA90EA /* Debug */ = {
			isa = XCBuildConfiguration;
			buildSettings = {
				ASSETCATALOG_COMPILER_APPICON_NAME = AppIcon;
				ASSETCATALOG_COMPILER_GLOBAL_ACCENT_COLOR_NAME = AccentColor;
				CODE_SIGN_STYLE = Automatic;
				CURRENT_PROJECT_VERSION = 1;
				DEVELOPMENT_ASSET_PATHS = "\"NatGeo App/Preview Content\"";
				ENABLE_PREVIEWS = YES;
				GENERATE_INFOPLIST_FILE = YES;
				INFOPLIST_FILE = "NatGeo-App-Info.plist";
				INFOPLIST_KEY_UIApplicationSceneManifest_Generation = YES;
				INFOPLIST_KEY_UIApplicationSupportsIndirectInputEvents = YES;
				INFOPLIST_KEY_UISupportedInterfaceOrientations_iPad = "UIInterfaceOrientationPortrait UIInterfaceOrientationPortraitUpsideDown UIInterfaceOrientationLandscapeLeft UIInterfaceOrientationLandscapeRight";
				INFOPLIST_KEY_UISupportedInterfaceOrientations_iPhone = "UIInterfaceOrientationPortrait UIInterfaceOrientationLandscapeLeft UIInterfaceOrientationLandscapeRight";
				LD_RUNPATH_SEARCH_PATHS = (
					"$(inherited)",
					"@executable_path/Frameworks",
				);
				MARKETING_VERSION = 1.0;
				PRODUCT_BUNDLE_IDENTIFIER = "com.Elkomey.NatGeo-App";
				PRODUCT_NAME = "$(TARGET_NAME)";
				SWIFT_EMIT_LOC_STRINGS = YES;
				SWIFT_VERSION = 5.0;
				TARGETED_DEVICE_FAMILY = "1,2";
			};
			name = Debug;
		};
		843E2F352A64B00E00FA90EA /* Release */ = {
			isa = XCBuildConfiguration;
			buildSettings = {
				ASSETCATALOG_COMPILER_APPICON_NAME = AppIcon;
				ASSETCATALOG_COMPILER_GLOBAL_ACCENT_COLOR_NAME = AccentColor;
				CODE_SIGN_STYLE = Automatic;
				CURRENT_PROJECT_VERSION = 1;
				DEVELOPMENT_ASSET_PATHS = "\"NatGeo App/Preview Content\"";
				ENABLE_PREVIEWS = YES;
				GENERATE_INFOPLIST_FILE = YES;
				INFOPLIST_FILE = "NatGeo-App-Info.plist";
				INFOPLIST_KEY_UIApplicationSceneManifest_Generation = YES;
				INFOPLIST_KEY_UIApplicationSupportsIndirectInputEvents = YES;
				INFOPLIST_KEY_UISupportedInterfaceOrientations_iPad = "UIInterfaceOrientationPortrait UIInterfaceOrientationPortraitUpsideDown UIInterfaceOrientationLandscapeLeft UIInterfaceOrientationLandscapeRight";
				INFOPLIST_KEY_UISupportedInterfaceOrientations_iPhone = "UIInterfaceOrientationPortrait UIInterfaceOrientationLandscapeLeft UIInterfaceOrientationLandscapeRight";
				LD_RUNPATH_SEARCH_PATHS = (
					"$(inherited)",
					"@executable_path/Frameworks",
				);
				MARKETING_VERSION = 1.0;
				PRODUCT_BUNDLE_IDENTIFIER = "com.Elkomey.NatGeo-App";
				PRODUCT_NAME = "$(TARGET_NAME)";
				SWIFT_EMIT_LOC_STRINGS = YES;
				SWIFT_VERSION = 5.0;
				TARGETED_DEVICE_FAMILY = "1,2";
			};
			name = Release;
		};
/* End XCBuildConfiguration section */

/* Begin XCConfigurationList section */
		843E2F202A64B00800FA90EA /* Build configuration list for PBXProject "NatGeo App" */ = {
			isa = XCConfigurationList;
			buildConfigurations = (
				843E2F312A64B00E00FA90EA /* Debug */,
				843E2F322A64B00E00FA90EA /* Release */,
			);
			defaultConfigurationIsVisible = 0;
			defaultConfigurationName = Release;
		};
		843E2F332A64B00E00FA90EA /* Build configuration list for PBXNativeTarget "NatGeo App" */ = {
			isa = XCConfigurationList;
			buildConfigurations = (
				843E2F342A64B00E00FA90EA /* Debug */,
				843E2F352A64B00E00FA90EA /* Release */,
			);
			defaultConfigurationIsVisible = 0;
			defaultConfigurationName = Release;
		};
/* End XCConfigurationList section */
	};
	rootObject = 843E2F1D2A64B00800FA90EA /* Project object */;
}
